// !$*UTF8*$!
{
	archiveVersion = 1;
	classes = {
	};
	objectVersion = 50;
	objects = {

/* Begin PBXBuildFile section */
		95BC108620B9B8EB0072F894 /* AppDelegate.swift in Sources */ = {isa = PBXBuildFile; fileRef = 95BC108520B9B8EB0072F894 /* AppDelegate.swift */; };
		95BC108820B9B8EB0072F894 /* ViewController.swift in Sources */ = {isa = PBXBuildFile; fileRef = 95BC108720B9B8EB0072F894 /* ViewController.swift */; };
		95BC108B20B9B8EB0072F894 /* Main.storyboard in Resources */ = {isa = PBXBuildFile; fileRef = 95BC108920B9B8EB0072F894 /* Main.storyboard */; };
		95BC108D20B9B8EC0072F894 /* Assets.xcassets in Resources */ = {isa = PBXBuildFile; fileRef = 95BC108C20B9B8EC0072F894 /* Assets.xcassets */; };
		95BC109020B9B8EC0072F894 /* LaunchScreen.storyboard in Resources */ = {isa = PBXBuildFile; fileRef = 95BC108E20B9B8EC0072F894 /* LaunchScreen.storyboard */; };
		95BC109B20B9B8EC0072F894 /* TippoTests.swift in Sources */ = {isa = PBXBuildFile; fileRef = 95BC109A20B9B8EC0072F894 /* TippoTests.swift */; };
		95BC10A620B9B8EC0072F894 /* TippoUITests.swift in Sources */ = {isa = PBXBuildFile; fileRef = 95BC10A520B9B8EC0072F894 /* TippoUITests.swift */; };
/* End PBXBuildFile section */

/* Begin PBXContainerItemProxy section */
		95BC109720B9B8EC0072F894 /* PBXContainerItemProxy */ = {
			isa = PBXContainerItemProxy;
			containerPortal = 95BC107A20B9B8EA0072F894 /* Project object */;
			proxyType = 1;
			remoteGlobalIDString = 95BC108120B9B8EB0072F894;
			remoteInfo = Tippo;
		};
		95BC10A220B9B8EC0072F894 /* PBXContainerItemProxy */ = {
			isa = PBXContainerItemProxy;
			containerPortal = 95BC107A20B9B8EA0072F894 /* Project object */;
			proxyType = 1;
			remoteGlobalIDString = 95BC108120B9B8EB0072F894;
			remoteInfo = Tippo;
		};
/* End PBXContainerItemProxy section */

/* Begin PBXFileReference section */
		95BC108220B9B8EB0072F894 /* Tippo.app */ = {isa = PBXFileReference; explicitFileType = wrapper.application; includeInIndex = 0; path = Tippo.app; sourceTree = BUILT_PRODUCTS_DIR; };
		95BC108520B9B8EB0072F894 /* AppDelegate.swift */ = {isa = PBXFileReference; lastKnownFileType = sourcecode.swift; path = AppDelegate.swift; sourceTree = "<group>"; };
		95BC108720B9B8EB0072F894 /* ViewController.swift */ = {isa = PBXFileReference; lastKnownFileType = sourcecode.swift; path = ViewController.swift; sourceTree = "<group>"; };
		95BC108A20B9B8EB0072F894 /* Base */ = {isa = PBXFileReference; lastKnownFileType = file.storyboard; name = Base; path = Base.lproj/Main.storyboard; sourceTree = "<group>"; };
		95BC108C20B9B8EC0072F894 /* Assets.xcassets */ = {isa = PBXFileReference; lastKnownFileType = folder.assetcatalog; path = Assets.xcassets; sourceTree = "<group>"; };
		95BC108F20B9B8EC0072F894 /* Base */ = {isa = PBXFileReference; lastKnownFileType = file.storyboard; name = Base; path = Base.lproj/LaunchScreen.storyboard; sourceTree = "<group>"; };
		95BC109120B9B8EC0072F894 /* Info.plist */ = {isa = PBXFileReference; lastKnownFileType = text.plist.xml; path = Info.plist; sourceTree = "<group>"; };
		95BC109620B9B8EC0072F894 /* TippoTests.xctest */ = {isa = PBXFileReference; explicitFileType = wrapper.cfbundle; includeInIndex = 0; path = TippoTests.xctest; sourceTree = BUILT_PRODUCTS_DIR; };
		95BC109A20B9B8EC0072F894 /* TippoTests.swift */ = {isa = PBXFileReference; lastKnownFileType = sourcecode.swift; path = TippoTests.swift; sourceTree = "<group>"; };
		95BC109C20B9B8EC0072F894 /* Info.plist */ = {isa = PBXFileReference; lastKnownFileType = text.plist.xml; path = Info.plist; sourceTree = "<group>"; };
		95BC10A120B9B8EC0072F894 /* TippoUITests.xctest */ = {isa = PBXFileReference; explicitFileType = wrapper.cfbundle; includeInIndex = 0; path = TippoUITests.xctest; sourceTree = BUILT_PRODUCTS_DIR; };
		95BC10A520B9B8EC0072F894 /* TippoUITests.swift */ = {isa = PBXFileReference; lastKnownFileType = sourcecode.swift; path = TippoUITests.swift; sourceTree = "<group>"; };
		95BC10A720B9B8EC0072F894 /* Info.plist */ = {isa = PBXFileReference; lastKnownFileType = text.plist.xml; path = Info.plist; sourceTree = "<group>"; };
/* End PBXFileReference section */

/* Begin PBXFrameworksBuildPhase section */
		95BC107F20B9B8EB0072F894 /* Frameworks */ = {
			isa = PBXFrameworksBuildPhase;
			buildActionMask = 2147483647;
			files = (
			);
			runOnlyForDeploymentPostprocessing = 0;
		};
		95BC109320B9B8EC0072F894 /* Frameworks */ = {
			isa = PBXFrameworksBuildPhase;
			buildActionMask = 2147483647;
			files = (
			);
			runOnlyForDeploymentPostprocessing = 0;
		};
		95BC109E20B9B8EC0072F894 /* Frameworks */ = {
			isa = PBXFrameworksBuildPhase;
			buildActionMask = 2147483647;
			files = (
			);
			runOnlyForDeploymentPostprocessing = 0;
		};
/* End PBXFrameworksBuildPhase section */

/* Begin PBXGroup section */
		95BC107920B9B8EA0072F894 = {
			isa = PBXGroup;
			children = (
				95BC108420B9B8EB0072F894 /* Tippo */,
				95BC109920B9B8EC0072F894 /* TippoTests */,
				95BC10A420B9B8EC0072F894 /* TippoUITests */,
				95BC108320B9B8EB0072F894 /* Products */,
			);
			sourceTree = "<group>";
		};
		95BC108320B9B8EB0072F894 /* Products */ = {
			isa = PBXGroup;
			children = (
				95BC108220B9B8EB0072F894 /* Tippo.app */,
				95BC109620B9B8EC0072F894 /* TippoTests.xctest */,
				95BC10A120B9B8EC0072F894 /* TippoUITests.xctest */,
			);
			name = Products;
			sourceTree = "<group>";
		};
		95BC108420B9B8EB0072F894 /* Tippo */ = {
			isa = PBXGroup;
			children = (
				95BC108520B9B8EB0072F894 /* AppDelegate.swift */,
				95BC108720B9B8EB0072F894 /* ViewController.swift */,
				95BC108920B9B8EB0072F894 /* Main.storyboard */,
				95BC108C20B9B8EC0072F894 /* Assets.xcassets */,
				95BC108E20B9B8EC0072F894 /* LaunchScreen.storyboard */,
				95BC109120B9B8EC0072F894 /* Info.plist */,
			);
			path = Tippo;
			sourceTree = "<group>";
		};
		95BC109920B9B8EC0072F894 /* TippoTests */ = {
			isa = PBXGroup;
			children = (
				95BC109A20B9B8EC0072F894 /* TippoTests.swift */,
				95BC109C20B9B8EC0072F894 /* Info.plist */,
			);
			path = TippoTests;
			sourceTree = "<group>";
		};
		95BC10A420B9B8EC0072F894 /* TippoUITests */ = {
			isa = PBXGroup;
			children = (
				95BC10A520B9B8EC0072F894 /* TippoUITests.swift */,
				95BC10A720B9B8EC0072F894 /* Info.plist */,
			);
			path = TippoUITests;
			sourceTree = "<group>";
		};
/* End PBXGroup section */

/* Begin PBXNativeTarget section */
		95BC108120B9B8EB0072F894 /* Tippo */ = {
			isa = PBXNativeTarget;
			buildConfigurationList = 95BC10AA20B9B8EC0072F894 /* Build configuration list for PBXNativeTarget "Tippo" */;
			buildPhases = (
				95BC107E20B9B8EB0072F894 /* Sources */,
				95BC107F20B9B8EB0072F894 /* Frameworks */,
				95BC108020B9B8EB0072F894 /* Resources */,
			);
			buildRules = (
			);
			dependencies = (
			);
			name = Tippo;
			productName = Tippo;
			productReference = 95BC108220B9B8EB0072F894 /* Tippo.app */;
			productType = "com.apple.product-type.application";
		};
		95BC109520B9B8EC0072F894 /* TippoTests */ = {
			isa = PBXNativeTarget;
			buildConfigurationList = 95BC10AD20B9B8EC0072F894 /* Build configuration list for PBXNativeTarget "TippoTests" */;
			buildPhases = (
				95BC109220B9B8EC0072F894 /* Sources */,
				95BC109320B9B8EC0072F894 /* Frameworks */,
				95BC109420B9B8EC0072F894 /* Resources */,
			);
			buildRules = (
			);
			dependencies = (
				95BC109820B9B8EC0072F894 /* PBXTargetDependency */,
			);
			name = TippoTests;
			productName = TippoTests;
			productReference = 95BC109620B9B8EC0072F894 /* TippoTests.xctest */;
			productType = "com.apple.product-type.bundle.unit-test";
		};
		95BC10A020B9B8EC0072F894 /* TippoUITests */ = {
			isa = PBXNativeTarget;
			buildConfigurationList = 95BC10B020B9B8EC0072F894 /* Build configuration list for PBXNativeTarget "TippoUITests" */;
			buildPhases = (
				95BC109D20B9B8EC0072F894 /* Sources */,
				95BC109E20B9B8EC0072F894 /* Frameworks */,
				95BC109F20B9B8EC0072F894 /* Resources */,
			);
			buildRules = (
			);
			dependencies = (
				95BC10A320B9B8EC0072F894 /* PBXTargetDependency */,
			);
			name = TippoUITests;
			productName = TippoUITests;
			productReference = 95BC10A120B9B8EC0072F894 /* TippoUITests.xctest */;
			productType = "com.apple.product-type.bundle.ui-testing";
		};
/* End PBXNativeTarget section */

/* Begin PBXProject section */
		95BC107A20B9B8EA0072F894 /* Project object */ = {
			isa = PBXProject;
			attributes = {
				LastSwiftUpdateCheck = 0930;
				LastUpgradeCheck = 0930;
				ORGANIZATIONNAME = "Ji Hye Ha";
				TargetAttributes = {
					95BC108120B9B8EB0072F894 = {
						CreatedOnToolsVersion = 9.3.1;
					};
					95BC109520B9B8EC0072F894 = {
						CreatedOnToolsVersion = 9.3.1;
						TestTargetID = 95BC108120B9B8EB0072F894;
					};
					95BC10A020B9B8EC0072F894 = {
						CreatedOnToolsVersion = 9.3.1;
						TestTargetID = 95BC108120B9B8EB0072F894;
					};
				};
			};
			buildConfigurationList = 95BC107D20B9B8EB0072F894 /* Build configuration list for PBXProject "Tippo" */;
			compatibilityVersion = "Xcode 9.3";
			developmentRegion = en;
			hasScannedForEncodings = 0;
			knownRegions = (
				en,
				Base,
			);
			mainGroup = 95BC107920B9B8EA0072F894;
			productRefGroup = 95BC108320B9B8EB0072F894 /* Products */;
			projectDirPath = "";
			projectRoot = "";
			targets = (
				95BC108120B9B8EB0072F894 /* Tippo */,
				95BC109520B9B8EC0072F894 /* TippoTests */,
				95BC10A020B9B8EC0072F894 /* TippoUITests */,
			);
		};
/* End PBXProject section */

/* Begin PBXResourcesBuildPhase section */
		95BC108020B9B8EB0072F894 /* Resources */ = {
			isa = PBXResourcesBuildPhase;
			buildActionMask = 2147483647;
			files = (
				95BC109020B9B8EC0072F894 /* LaunchScreen.storyboard in Resources */,
				95BC108D20B9B8EC0072F894 /* Assets.xcassets in Resources */,
				95BC108B20B9B8EB0072F894 /* Main.storyboard in Resources */,
			);
			runOnlyForDeploymentPostprocessing = 0;
		};
		95BC109420B9B8EC0072F894 /* Resources */ = {
			isa = PBXResourcesBuildPhase;
			buildActionMask = 2147483647;
			files = (
			);
			runOnlyForDeploymentPostprocessing = 0;
		};
		95BC109F20B9B8EC0072F894 /* Resources */ = {
			isa = PBXResourcesBuildPhase;
			buildActionMask = 2147483647;
			files = (
			);
			runOnlyForDeploymentPostprocessing = 0;
		};
/* End PBXResourcesBuildPhase section */

/* Begin PBXSourcesBuildPhase section */
		95BC107E20B9B8EB0072F894 /* Sources */ = {
			isa = PBXSourcesBuildPhase;
			buildActionMask = 2147483647;
			files = (
				95BC108820B9B8EB0072F894 /* ViewController.swift in Sources */,
				95BC108620B9B8EB0072F894 /* AppDelegate.swift in Sources */,
			);
			runOnlyForDeploymentPostprocessing = 0;
		};
		95BC109220B9B8EC0072F894 /* Sources */ = {
			isa = PBXSourcesBuildPhase;
			buildActionMask = 2147483647;
			files = (
				95BC109B20B9B8EC0072F894 /* TippoTests.swift in Sources */,
			);
			runOnlyForDeploymentPostprocessing = 0;
		};
		95BC109D20B9B8EC0072F894 /* Sources */ = {
			isa = PBXSourcesBuildPhase;
			buildActionMask = 2147483647;
			files = (
				95BC10A620B9B8EC0072F894 /* TippoUITests.swift in Sources */,
			);
			runOnlyForDeploymentPostprocessing = 0;
		};
/* End PBXSourcesBuildPhase section */

/* Begin PBXTargetDependency section */
		95BC109820B9B8EC0072F894 /* PBXTargetDependency */ = {
			isa = PBXTargetDependency;
			target = 95BC108120B9B8EB0072F894 /* Tippo */;
			targetProxy = 95BC109720B9B8EC0072F894 /* PBXContainerItemProxy */;
		};
		95BC10A320B9B8EC0072F894 /* PBXTargetDependency */ = {
			isa = PBXTargetDependency;
			target = 95BC108120B9B8EB0072F894 /* Tippo */;
			targetProxy = 95BC10A220B9B8EC0072F894 /* PBXContainerItemProxy */;
		};
/* End PBXTargetDependency section */

/* Begin PBXVariantGroup section */
		95BC108920B9B8EB0072F894 /* Main.storyboard */ = {
			isa = PBXVariantGroup;
			children = (
				95BC108A20B9B8EB0072F894 /* Base */,
			);
			name = Main.storyboard;
			sourceTree = "<group>";
		};
		95BC108E20B9B8EC0072F894 /* LaunchScreen.storyboard */ = {
			isa = PBXVariantGroup;
			children = (
				95BC108F20B9B8EC0072F894 /* Base */,
			);
			name = LaunchScreen.storyboard;
			sourceTree = "<group>";
		};
/* End PBXVariantGroup section */

/* Begin XCBuildConfiguration section */
		95BC10A820B9B8EC0072F894 /* Debug */ = {
			isa = XCBuildConfiguration;
			buildSettings = {
				ALWAYS_SEARCH_USER_PATHS = NO;
				CLANG_ANALYZER_NONNULL = YES;
				CLANG_ANALYZER_NUMBER_OBJECT_CONVERSION = YES_AGGRESSIVE;
				CLANG_CXX_LANGUAGE_STANDARD = "gnu++14";
				CLANG_CXX_LIBRARY = "libc++";
				CLANG_ENABLE_MODULES = YES;
				CLANG_ENABLE_OBJC_ARC = YES;
				CLANG_ENABLE_OBJC_WEAK = YES;
				CLANG_WARN_BLOCK_CAPTURE_AUTORELEASING = YES;
				CLANG_WARN_BOOL_CONVERSION = YES;
				CLANG_WARN_COMMA = YES;
				CLANG_WARN_CONSTANT_CONVERSION = YES;
				CLANG_WARN_DEPRECATED_OBJC_IMPLEMENTATIONS = YES;
				CLANG_WARN_DIRECT_OBJC_ISA_USAGE = YES_ERROR;
				CLANG_WARN_DOCUMENTATION_COMMENTS = YES;
				CLANG_WARN_EMPTY_BODY = YES;
				CLANG_WARN_ENUM_CONVERSION = YES;
				CLANG_WARN_INFINITE_RECURSION = YES;
				CLANG_WARN_INT_CONVERSION = YES;
				CLANG_WARN_NON_LITERAL_NULL_CONVERSION = YES;
				CLANG_WARN_OBJC_IMPLICIT_RETAIN_SELF = YES;
				CLANG_WARN_OBJC_LITERAL_CONVERSION = YES;
				CLANG_WARN_OBJC_ROOT_CLASS = YES_ERROR;
				CLANG_WARN_RANGE_LOOP_ANALYSIS = YES;
				CLANG_WARN_STRICT_PROTOTYPES = YES;
				CLANG_WARN_SUSPICIOUS_MOVE = YES;
				CLANG_WARN_UNGUARDED_AVAILABILITY = YES_AGGRESSIVE;
				CLANG_WARN_UNREACHABLE_CODE = YES;
				CLANG_WARN__DUPLICATE_METHOD_MATCH = YES;
				CODE_SIGN_IDENTITY = "iPhone Developer";
				COPY_PHASE_STRIP = NO;
				DEBUG_INFORMATION_FORMAT = dwarf;
				ENABLE_STRICT_OBJC_MSGSEND = YES;
				ENABLE_TESTABILITY = YES;
				GCC_C_LANGUAGE_STANDARD = gnu11;
				GCC_DYNAMIC_NO_PIC = NO;
				GCC_NO_COMMON_BLOCKS = YES;
				GCC_OPTIMIZATION_LEVEL = 0;
				GCC_PREPROCESSOR_DEFINITIONS = (
					"DEBUG=1",
					"$(inherited)",
				);
				GCC_WARN_64_TO_32_BIT_CONVERSION = YES;
				GCC_WARN_ABOUT_RETURN_TYPE = YES_ERROR;
				GCC_WARN_UNDECLARED_SELECTOR = YES;
				GCC_WARN_UNINITIALIZED_AUTOS = YES_AGGRESSIVE;
				GCC_WARN_UNUSED_FUNCTION = YES;
				GCC_WARN_UNUSED_VARIABLE = YES;
				IPHONEOS_DEPLOYMENT_TARGET = 11.3;
				MTL_ENABLE_DEBUG_INFO = YES;
				ONLY_ACTIVE_ARCH = YES;
				SDKROOT = iphoneos;
				SWIFT_ACTIVE_COMPILATION_CONDITIONS = DEBUG;
				SWIFT_OPTIMIZATION_LEVEL = "-Onone";
			};
			name = Debug;
		};
		95BC10A920B9B8EC0072F894 /* Release */ = {
			isa = XCBuildConfiguration;
			buildSettings = {
				ALWAYS_SEARCH_USER_PATHS = NO;
				CLANG_ANALYZER_NONNULL = YES;
				CLANG_ANALYZER_NUMBER_OBJECT_CONVERSION = YES_AGGRESSIVE;
				CLANG_CXX_LANGUAGE_STANDARD = "gnu++14";
				CLANG_CXX_LIBRARY = "libc++";
				CLANG_ENABLE_MODULES = YES;
				CLANG_ENABLE_OBJC_ARC = YES;
				CLANG_ENABLE_OBJC_WEAK = YES;
				CLANG_WARN_BLOCK_CAPTURE_AUTORELEASING = YES;
				CLANG_WARN_BOOL_CONVERSION = YES;
				CLANG_WARN_COMMA = YES;
				CLANG_WARN_CONSTANT_CONVERSION = YES;
				CLANG_WARN_DEPRECATED_OBJC_IMPLEMENTATIONS = YES;
				CLANG_WARN_DIRECT_OBJC_ISA_USAGE = YES_ERROR;
				CLANG_WARN_DOCUMENTATION_COMMENTS = YES;
				CLANG_WARN_EMPTY_BODY = YES;
				CLANG_WARN_ENUM_CONVERSION = YES;
				CLANG_WARN_INFINITE_RECURSION = YES;
				CLANG_WARN_INT_CONVERSION = YES;
				CLANG_WARN_NON_LITERAL_NULL_CONVERSION = YES;
				CLANG_WARN_OBJC_IMPLICIT_RETAIN_SELF = YES;
				CLANG_WARN_OBJC_LITERAL_CONVERSION = YES;
				CLANG_WARN_OBJC_ROOT_CLASS = YES_ERROR;
				CLANG_WARN_RANGE_LOOP_ANALYSIS = YES;
				CLANG_WARN_STRICT_PROTOTYPES = YES;
				CLANG_WARN_SUSPICIOUS_MOVE = YES;
				CLANG_WARN_UNGUARDED_AVAILABILITY = YES_AGGRESSIVE;
				CLANG_WARN_UNREACHABLE_CODE = YES;
				CLANG_WARN__DUPLICATE_METHOD_MATCH = YES;
				CODE_SIGN_IDENTITY = "iPhone Developer";
				COPY_PHASE_STRIP = NO;
				DEBUG_INFORMATION_FORMAT = "dwarf-with-dsym";
				ENABLE_NS_ASSERTIONS = NO;
				ENABLE_STRICT_OBJC_MSGSEND = YES;
				GCC_C_LANGUAGE_STANDARD = gnu11;
				GCC_NO_COMMON_BLOCKS = YES;
				GCC_WARN_64_TO_32_BIT_CONVERSION = YES;
				GCC_WARN_ABOUT_RETURN_TYPE = YES_ERROR;
				GCC_WARN_UNDECLARED_SELECTOR = YES;
				GCC_WARN_UNINITIALIZED_AUTOS = YES_AGGRESSIVE;
				GCC_WARN_UNUSED_FUNCTION = YES;
				GCC_WARN_UNUSED_VARIABLE = YES;
				IPHONEOS_DEPLOYMENT_TARGET = 11.3;
				MTL_ENABLE_DEBUG_INFO = NO;
				SDKROOT = iphoneos;
				SWIFT_COMPILATION_MODE = wholemodule;
				SWIFT_OPTIMIZATION_LEVEL = "-O";
				VALIDATE_PRODUCT = YES;
			};
			name = Release;
		};
		95BC10AB20B9B8EC0072F894 /* Debug */ = {
			isa = XCBuildConfiguration;
			buildSettings = {
				ASSETCATALOG_COMPILER_APPICON_NAME = AppIcon;
				CODE_SIGN_STYLE = Automatic;
				INFOPLIST_FILE = Tippo/Info.plist;
				LD_RUNPATH_SEARCH_PATHS = (
					"$(inherited)",
					"@executable_path/Frameworks",
				);
				PRODUCT_BUNDLE_IDENTIFIER = com.jhh.Tippo;
				PRODUCT_NAME = "$(TARGET_NAME)";
				SWIFT_VERSION = 4.0;
				TARGETED_DEVICE_FAMILY = "1,2";
			};
			name = Debug;
		};
		95BC10AC20B9B8EC0072F894 /* Release */ = {
			isa = XCBuildConfiguration;
			buildSettings = {
				ASSETCATALOG_COMPILER_APPICON_NAME = AppIcon;
				CODE_SIGN_STYLE = Automatic;
				INFOPLIST_FILE = Tippo/Info.plist;
				LD_RUNPATH_SEARCH_PATHS = (
					"$(inherited)",
					"@executable_path/Frameworks",
				);
				PRODUCT_BUNDLE_IDENTIFIER = com.jhh.Tippo;
				PRODUCT_NAME = "$(TARGET_NAME)";
				SWIFT_VERSION = 4.0;
				TARGETED_DEVICE_FAMILY = "1,2";
			};
			name = Release;
		};
		95BC10AE20B9B8EC0072F894 /* Debug */ = {
			isa = XCBuildConfiguration;
			buildSettings = {
				ALWAYS_EMBED_SWIFT_STANDARD_LIBRARIES = YES;
				BUNDLE_LOADER = "$(TEST_HOST)";
				CODE_SIGN_STYLE = Automatic;
				INFOPLIST_FILE = TippoTests/Info.plist;
				LD_RUNPATH_SEARCH_PATHS = (
					"$(inherited)",
					"@executable_path/Frameworks",
					"@loader_path/Frameworks",
				);
				PRODUCT_BUNDLE_IDENTIFIER = com.jhh.TippoTests;
				PRODUCT_NAME = "$(TARGET_NAME)";
				SWIFT_VERSION = 4.0;
				TARGETED_DEVICE_FAMILY = "1,2";
				TEST_HOST = "$(BUILT_PRODUCTS_DIR)/Tippo.app/Tippo";
			};
			name = Debug;
		};
		95BC10AF20B9B8EC0072F894 /* Release */ = {
			isa = XCBuildConfiguration;
			buildSettings = {
				ALWAYS_EMBED_SWIFT_STANDARD_LIBRARIES = YES;
				BUNDLE_LOADER = "$(TEST_HOST)";
				CODE_SIGN_STYLE = Automatic;
				INFOPLIST_FILE = TippoTests/Info.plist;
				LD_RUNPATH_SEARCH_PATHS = (
					"$(inherited)",
					"@executable_path/Frameworks",
					"@loader_path/Frameworks",
				);
				PRODUCT_BUNDLE_IDENTIFIER = com.jhh.TippoTests;
				PRODUCT_NAME = "$(TARGET_NAME)";
				SWIFT_VERSION = 4.0;
				TARGETED_DEVICE_FAMILY = "1,2";
				TEST_HOST = "$(BUILT_PRODUCTS_DIR)/Tippo.app/Tippo";
			};
			name = Release;
		};
		95BC10B120B9B8EC0072F894 /* Debug */ = {
			isa = XCBuildConfiguration;
			buildSettings = {
				ALWAYS_EMBED_SWIFT_STANDARD_LIBRARIES = YES;
				CODE_SIGN_STYLE = Automatic;
				INFOPLIST_FILE = TippoUITests/Info.plist;
				LD_RUNPATH_SEARCH_PATHS = (
					"$(inherited)",
					"@executable_path/Frameworks",
					"@loader_path/Frameworks",
				);
				PRODUCT_BUNDLE_IDENTIFIER = com.jhh.TippoUITests;
				PRODUCT_NAME = "$(TARGET_NAME)";
				SWIFT_VERSION = 4.0;
				TARGETED_DEVICE_FAMILY = "1,2";
				TEST_TARGET_NAME = Tippo;
			};
			name = Debug;
		};
		95BC10B220B9B8EC0072F894 /* Release */ = {
			isa = XCBuildConfiguration;
			buildSettings = {
				ALWAYS_EMBED_SWIFT_STANDARD_LIBRARIES = YES;
				CODE_SIGN_STYLE = Automatic;
				INFOPLIST_FILE = TippoUITests/Info.plist;
				LD_RUNPATH_SEARCH_PATHS = (
					"$(inherited)",
					"@executable_path/Frameworks",
					"@loader_path/Frameworks",
				);
				PRODUCT_BUNDLE_IDENTIFIER = com.jhh.TippoUITests;
				PRODUCT_NAME = "$(TARGET_NAME)";
				SWIFT_VERSION = 4.0;
				TARGETED_DEVICE_FAMILY = "1,2";
				TEST_TARGET_NAME = Tippo;
			};
			name = Release;
		};
/* End XCBuildConfiguration section */

/* Begin XCConfigurationList section */
		95BC107D20B9B8EB0072F894 /* Build configuration list for PBXProject "Tippo" */ = {
			isa = XCConfigurationList;
			buildConfigurations = (
				95BC10A820B9B8EC0072F894 /* Debug */,
				95BC10A920B9B8EC0072F894 /* Release */,
			);
			defaultConfigurationIsVisible = 0;
			defaultConfigurationName = Release;
		};
		95BC10AA20B9B8EC0072F894 /* Build configuration list for PBXNativeTarget "Tippo" */ = {
			isa = XCConfigurationList;
			buildConfigurations = (
				95BC10AB20B9B8EC0072F894 /* Debug */,
				95BC10AC20B9B8EC0072F894 /* Release */,
			);
			defaultConfigurationIsVisible = 0;
			defaultConfigurationName = Release;
		};
		95BC10AD20B9B8EC0072F894 /* Build configuration list for PBXNativeTarget "TippoTests" */ = {
			isa = XCConfigurationList;
			buildConfigurations = (
				95BC10AE20B9B8EC0072F894 /* Debug */,
				95BC10AF20B9B8EC0072F894 /* Release */,
			);
			defaultConfigurationIsVisible = 0;
			defaultConfigurationName = Release;
		};
		95BC10B020B9B8EC0072F894 /* Build configuration list for PBXNativeTarget "TippoUITests" */ = {
			isa = XCConfigurationList;
			buildConfigurations = (
				95BC10B120B9B8EC0072F894 /* Debug */,
				95BC10B220B9B8EC0072F894 /* Release */,
			);
			defaultConfigurationIsVisible = 0;
			defaultConfigurationName = Release;
		};
/* End XCConfigurationList section */
	};
	rootObject = 95BC107A20B9B8EA0072F894 /* Project object */;
}
